{
  "name": "kichikuou-web",
  "version": "1.0.0",
  "lockfileVersion": 1,
  "requires": true,
  "dependencies": {
    "@types/emscripten": {
      "version": "1.38.0",
      "resolved": "https://registry.npmjs.org/@types/emscripten/-/emscripten-1.38.0.tgz",
      "integrity": "sha512-qfuBbl9hC0ybmW9s8SDORPgg+LdPV+KRpB8AMdTRqxuQZR4G5T7ozIAVUJLO26N7SFSM1zvDVuZ9+qOX7qt/EQ=="
    },
    "@types/filesystem": {
      "version": "0.0.28",
      "resolved": "https://registry.npmjs.org/@types/filesystem/-/filesystem-0.0.28.tgz",
      "integrity": "sha1-P9dzWDDyx0E8taxFeAvEWQRpew4=",
      "requires": {
        "@types/filewriter": "*"
      }
    },
    "@types/filewriter": {
      "version": "0.0.28",
      "resolved": "https://registry.npmjs.org/@types/filewriter/-/filewriter-0.0.28.tgz",
      "integrity": "sha1-wFTor02d11205jq8dviFFocU1LM="
    },
    "@types/google.analytics": {
      "version": "0.0.38",
      "resolved": "https://registry.npmjs.org/@types/google.analytics/-/google.analytics-0.0.38.tgz",
      "integrity": "sha512-TQlOtDk+SHV+QUFf3JqMOsw3Raof8O9vtG6ISAu/3grEXlWBmwX3MD7Q2AJ+7iQ9B59vIzzxwh3dQdiQ2m+Y6w=="
    },
    "@types/jszip": {
      "version": "0.0.33",
      "resolved": "https://registry.npmjs.org/@types/jszip/-/jszip-0.0.33.tgz",
      "integrity": "sha512-zAbqAUQmXP9/ryVysJO6XkogdIdtVIYYGmV7BzhKuagaS+75QZ6muJjeSaG5M8rdE5jQ8gyhkZ23r6l4ICmxyQ=="
    },
    "sass": {
      "version": "1.5.1",
      "resolved": "https://registry.npmjs.org/sass/-/sass-1.5.1.tgz",
      "integrity": "sha512-C9s7SFttwy5OnXDs0ZFVv7c659A7GG/0R0VyrQaGXR07cucSJA2E5XN2ZhLF3kklN90aXuPD2rphkNWyeb6y2A=="
    },
    "typescript": {
      "version": "3.9.7",
      "resolved": "https://registry.npmjs.org/typescript/-/typescript-3.9.7.tgz",
      "integrity": "sha512-BLbiRkiBzAwsjut4x/dsibSTB6yWpwT5qWmC2OfuCg3GgVQCSgMs4vEctYPhsaGtd0AeuuHMkjZ2h2WG8MSzRw==",
      "dev": true
    }
  }
}
