{
  "name": "kichikuou-web",
  "version": "1.0.0",
  "lockfileVersion": 1,
  "requires": true,
  "dependencies": {
    "@types/emscripten": {
      "version": "1.39.5",
      "resolved": "https://registry.npmjs.org/@types/emscripten/-/emscripten-1.39.5.tgz",
      "integrity": "sha512-DIOOg+POSrYl+OlNRHQuIEqCd8DCtynG57H862UCce16nXJX7J8eWxNGgOcf8Eyge8zXeSs27mz1UcFu8L/L7g=="
    },
    "@types/filesystem": {
      "version": "0.0.32",
      "resolved": "https://registry.npmjs.org/@types/filesystem/-/filesystem-0.0.32.tgz",
      "integrity": "sha512-Yuf4jR5YYMR2DVgwuCiP11s0xuVRyPKmz8vo6HBY3CGdeMj8af93CFZX+T82+VD1+UqHOxTq31lO7MI7lepBtQ==",
      "requires": {
        "@types/filewriter": "*"
      }
    },
    "@types/filewriter": {
      "version": "0.0.29",
      "resolved": "https://registry.npmjs.org/@types/filewriter/-/filewriter-0.0.29.tgz",
      "integrity": "sha512-BsPXH/irW0ht0Ji6iw/jJaK8Lj3FJemon2gvEqHKpCdDCeemHa+rI3WBGq5z7cDMZgoLjY40oninGxqk+8NzNQ=="
    },
    "@types/google.analytics": {
      "version": "0.0.42",
      "resolved": "https://registry.npmjs.org/@types/google.analytics/-/google.analytics-0.0.42.tgz",
      "integrity": "sha512-w0ZFj3SHznQXSq99kFCuO8tkN6w4T14znjrF2alLCSDnHOXEnpzneyNwxLvekcsDBInr8b5mXmzYh03GArqEyw=="
    },
    "@types/jszip": {
      "version": "0.0.33",
      "resolved": "https://registry.npmjs.org/@types/jszip/-/jszip-0.0.33.tgz",
      "integrity": "sha512-zAbqAUQmXP9/ryVysJO6XkogdIdtVIYYGmV7BzhKuagaS+75QZ6muJjeSaG5M8rdE5jQ8gyhkZ23r6l4ICmxyQ=="
    },
    "sass": {
      "version": "1.5.1",
      "resolved": "https://registry.npmjs.org/sass/-/sass-1.5.1.tgz",
      "integrity": "sha512-C9s7SFttwy5OnXDs0ZFVv7c659A7GG/0R0VyrQaGXR07cucSJA2E5XN2ZhLF3kklN90aXuPD2rphkNWyeb6y2A=="
    },
    "typescript": {
      "version": "4.3.5",
      "resolved": "https://registry.npmjs.org/typescript/-/typescript-4.3.5.tgz",
      "integrity": "sha512-DqQgihaQ9cUrskJo9kIyW/+g0Vxsk8cDtZ52a3NGh0YNTfpUSArXSohyUGnvbPazEPLu398C0UxmKSOrPumUzA==",
      "dev": true
    }
  }
}
