{
  "name": "kichikuou-web",
  "version": "1.0.0",
  "lockfileVersion": 1,
  "requires": true,
  "dependencies": {
    "@types/emscripten": {
      "version": "0.0.31",
      "resolved": "https://registry.npmjs.org/@types/emscripten/-/emscripten-0.0.31.tgz",
      "integrity": "sha512-6OaHAsknBA6M2gKszMZXunqFofGXCCk4UCXHMdzd3qtBpndSHuM2JgxBE9M3APyl/DlENt4FEe0C7mJwbcC/ZA==",
      "requires": {
        "@types/webassembly-js-api": "*"
      }
    },
    "@types/filesystem": {
      "version": "0.0.28",
      "resolved": "https://registry.npmjs.org/@types/filesystem/-/filesystem-0.0.28.tgz",
      "integrity": "sha1-P9dzWDDyx0E8taxFeAvEWQRpew4=",
      "requires": {
        "@types/filewriter": "*"
      }
    },
    "@types/filewriter": {
      "version": "0.0.28",
      "resolved": "https://registry.npmjs.org/@types/filewriter/-/filewriter-0.0.28.tgz",
      "integrity": "sha1-wFTor02d11205jq8dviFFocU1LM="
    },
    "@types/google.analytics": {
      "version": "0.0.38",
      "resolved": "https://registry.npmjs.org/@types/google.analytics/-/google.analytics-0.0.38.tgz",
      "integrity": "sha512-TQlOtDk+SHV+QUFf3JqMOsw3Raof8O9vtG6ISAu/3grEXlWBmwX3MD7Q2AJ+7iQ9B59vIzzxwh3dQdiQ2m+Y6w=="
    },
    "@types/jszip": {
      "version": "0.0.33",
      "resolved": "https://registry.npmjs.org/@types/jszip/-/jszip-0.0.33.tgz",
      "integrity": "sha512-zAbqAUQmXP9/ryVysJO6XkogdIdtVIYYGmV7BzhKuagaS+75QZ6muJjeSaG5M8rdE5jQ8gyhkZ23r6l4ICmxyQ=="
    },
    "@types/webassembly-js-api": {
      "version": "0.0.1",
      "resolved": "https://registry.npmjs.org/@types/webassembly-js-api/-/webassembly-js-api-0.0.1.tgz",
      "integrity": "sha1-YtULIBB319TMEJuxytoi/f1FI/s="
    },
    "sass": {
      "version": "1.0.0-rc.1",
      "resolved": "https://registry.npmjs.org/sass/-/sass-1.0.0-rc.1.tgz",
      "integrity": "sha512-QX6hpmo7PVA0O+ZXLPBenc3oNvrPIicaU1GLK8EY/xWLzzLdFN86lR73JRxLS4I6KGTUvXqm7XNUgRR6oH7vYQ==",
      "dev": true
    },
    "typescript": {
      "version": "3.2.2",
      "resolved": "https://registry.npmjs.org/typescript/-/typescript-3.2.2.tgz",
      "integrity": "sha512-VCj5UiSyHBjwfYacmDuc/NOk4QQixbE+Wn7MFJuS0nRuPQbof132Pw4u53dm264O8LPc2MVsc7RJNml5szurkg==",
      "dev": true
    }
  }
}
